<Solution>
  <Folder Name="/src/">
    <Project Path="src/MyUsbIP.Abstractions/MyUsbIP.Abstractions.csproj" />
    <Project Path="src/MyUsbIP.Protocol/MyUsbIP.Protocol.csproj" />
    <Project Path="src/MyUsbIP.Server/MyUsbIP.Server.csproj" />
    <Project Path="src/MyUsbIP.Client/MyUsbIP.Client.csproj" />
    <Project Path="src/MyUsbIP.Platform/MyUsbIP.Platform.csproj" />
    <Project Path="src/MyUsbIP.Runtime/MyUsbIP.Runtime.csproj" />
  </Folder>
  <Folder Name="/apps/">
    <Project Path="apps/MyUsbIP.Daemon/MyUsbIP.Daemon.csproj" />
  </Folder>
  <Folder Name="/tools/">
    <Project Path="tools/MyUsbIP.Cli/MyUsbIP.Cli.csproj" />
  </Folder>
  <Folder Name="/samples/">
    <Project Path="samples/MyUsbIP.Server.Sample/MyUsbIP.Server.Sample.csproj" />
    <Project Path="samples/MyUsbIP.Client.Sample/MyUsbIP.Client.Sample.csproj" />
  </Folder>
  <Folder Name="/tests/">
    <Project Path="tests/MyUsbIP.SmokeTests/MyUsbIP.SmokeTests.csproj" />
  </Folder>
</Solution>
